// !$*UTF8*$!
{
	archiveVersion = 1;
	classes = {
	};
	objectVersion = 56;
	objects = {

/* Begin PBXBuildFile section */
		3713B4E22C78561700B21851 /* Hair.usdc in Resources */ = {isa = PBXBuildFile; fileRef = 3713B4E12C78561700B21851 /* Hair.usdc */; };
		3756C91F2C71A97A006B15CB /* AppDelegate.swift in Sources */ = {isa = PBXBuildFile; fileRef = 3756C91E2C71A97A006B15CB /* AppDelegate.swift */; };
		3756C9212C71A97A006B15CB /* ContentView.swift in Sources */ = {isa = PBXBuildFile; fileRef = 3756C9202C71A97A006B15CB /* ContentView.swift */; };
		3756C9232C71A97C006B15CB /* Assets.xcassets in Resources */ = {isa = PBXBuildFile; fileRef = 3756C9222C71A97C006B15CB /* Assets.xcassets */; };
		3756C9262C71A97C006B15CB /* Preview Assets.xcassets in Resources */ = {isa = PBXBuildFile; fileRef = 3756C9252C71A97C006B15CB /* Preview Assets.xcassets */; };
		3756C9302C71A97C006B15CB /* hairappTests.swift in Sources */ = {isa = PBXBuildFile; fileRef = 3756C92F2C71A97C006B15CB /* hairappTests.swift */; };
		3756C93A2C71A97C006B15CB /* hairappUITests.swift in Sources */ = {isa = PBXBuildFile; fileRef = 3756C9392C71A97C006B15CB /* hairappUITests.swift */; };
		3756C93C2C71A97C006B15CB /* hairappUITestsLaunchTests.swift in Sources */ = {isa = PBXBuildFile; fileRef = 3756C93B2C71A97C006B15CB /* hairappUITestsLaunchTests.swift */; };
/* End PBXBuildFile section */

/* Begin PBXContainerItemProxy section */
		3756C92C2C71A97C006B15CB /* PBXContainerItemProxy */ = {
			isa = PBXContainerItemProxy;
			containerPortal = 3756C9132C71A97A006B15CB /* Project object */;
			proxyType = 1;
			remoteGlobalIDString = 3756C91A2C71A97A006B15CB;
			remoteInfo = hairapp;
		};
		3756C9362C71A97C006B15CB /* PBXContainerItemProxy */ = {
			isa = PBXContainerItemProxy;
			containerPortal = 3756C9132C71A97A006B15CB /* Project object */;
			proxyType = 1;
			remoteGlobalIDString = 3756C91A2C71A97A006B15CB;
			remoteInfo = hairapp;
		};
/* End PBXContainerItemProxy section */

/* Begin PBXFileReference section */
		3713B4E12C78561700B21851 /* Hair.usdc */ = {isa = PBXFileReference; lastKnownFileType = file; path = Hair.usdc; sourceTree = "<group>"; };
		3756C91B2C71A97A006B15CB /* hairapp.app */ = {isa = PBXFileReference; explicitFileType = wrapper.application; includeInIndex = 0; path = hairapp.app; sourceTree = BUILT_PRODUCTS_DIR; };
		3756C91E2C71A97A006B15CB /* AppDelegate.swift */ = {isa = PBXFileReference; lastKnownFileType = sourcecode.swift; path = AppDelegate.swift; sourceTree = "<group>"; };
		3756C9202C71A97A006B15CB /* ContentView.swift */ = {isa = PBXFileReference; lastKnownFileType = sourcecode.swift; path = ContentView.swift; sourceTree = "<group>"; };
		3756C9222C71A97C006B15CB /* Assets.xcassets */ = {isa = PBXFileReference; lastKnownFileType = folder.assetcatalog; path = Assets.xcassets; sourceTree = "<group>"; };
		3756C9252C71A97C006B15CB /* Preview Assets.xcassets */ = {isa = PBXFileReference; lastKnownFileType = folder.assetcatalog; path = "Preview Assets.xcassets"; sourceTree = "<group>"; };
		3756C92B2C71A97C006B15CB /* hairappTests.xctest */ = {isa = PBXFileReference; explicitFileType = wrapper.cfbundle; includeInIndex = 0; path = hairappTests.xctest; sourceTree = BUILT_PRODUCTS_DIR; };
		3756C92F2C71A97C006B15CB /* hairappTests.swift */ = {isa = PBXFileReference; lastKnownFileType = sourcecode.swift; path = hairappTests.swift; sourceTree = "<group>"; };
		3756C9352C71A97C006B15CB /* hairappUITests.xctest */ = {isa = PBXFileReference; explicitFileType = wrapper.cfbundle; includeInIndex = 0; path = hairappUITests.xctest; sourceTree = BUILT_PRODUCTS_DIR; };
		3756C9392C71A97C006B15CB /* hairappUITests.swift */ = {isa = PBXFileReference; lastKnownFileType = sourcecode.swift; path = hairappUITests.swift; sourceTree = "<group>"; };
		3756C93B2C71A97C006B15CB /* hairappUITestsLaunchTests.swift */ = {isa = PBXFileReference; lastKnownFileType = sourcecode.swift; path = hairappUITestsLaunchTests.swift; sourceTree = "<group>"; };
/* End PBXFileReference section */

/* Begin PBXFrameworksBuildPhase section */
		3756C9182C71A97A006B15CB /* Frameworks */ = {
			isa = PBXFrameworksBuildPhase;
			buildActionMask = 2147483647;
			files = (
			);
			runOnlyForDeploymentPostprocessing = 0;
		};
		3756C9282C71A97C006B15CB /* Frameworks */ = {
			isa = PBXFrameworksBuildPhase;
			buildActionMask = 2147483647;
			files = (
			);
			runOnlyForDeploymentPostprocessing = 0;
		};
		3756C9322C71A97C006B15CB /* Frameworks */ = {
			isa = PBXFrameworksBuildPhase;
			buildActionMask = 2147483647;
			files = (
			);
			runOnlyForDeploymentPostprocessing = 0;
		};
/* End PBXFrameworksBuildPhase section */

/* Begin PBXGroup section */
		3756C9122C71A97A006B15CB = {
			isa = PBXGroup;
			children = (
				3713B4E12C78561700B21851 /* Hair.usdc */,
				3756C91D2C71A97A006B15CB /* hairapp */,
				3756C92E2C71A97C006B15CB /* hairappTests */,
				3756C9382C71A97C006B15CB /* hairappUITests */,
				3756C91C2C71A97A006B15CB /* Products */,
			);
			sourceTree = "<group>";
		};
		3756C91C2C71A97A006B15CB /* Products */ = {
			isa = PBXGroup;
			children = (
				3756C91B2C71A97A006B15CB /* hairapp.app */,
				3756C92B2C71A97C006B15CB /* hairappTests.xctest */,
				3756C9352C71A97C006B15CB /* hairappUITests.xctest */,
			);
			name = Products;
			sourceTree = "<group>";
		};
		3756C91D2C71A97A006B15CB /* hairapp */ = {
			isa = PBXGroup;
			children = (
				3756C91E2C71A97A006B15CB /* AppDelegate.swift */,
				3756C9202C71A97A006B15CB /* ContentView.swift */,
				3756C9222C71A97C006B15CB /* Assets.xcassets */,
				3756C9242C71A97C006B15CB /* Preview Content */,
			);
			path = hairapp;
			sourceTree = "<group>";
		};
		3756C9242C71A97C006B15CB /* Preview Content */ = {
			isa = PBXGroup;
			children = (
				3756C9252C71A97C006B15CB /* Preview Assets.xcassets */,
			);
			path = "Preview Content";
			sourceTree = "<group>";
		};
		3756C92E2C71A97C006B15CB /* hairappTests */ = {
			isa = PBXGroup;
			children = (
				3756C92F2C71A97C006B15CB /* hairappTests.swift */,
			);
			path = hairappTests;
			sourceTree = "<group>";
		};
		3756C9382C71A97C006B15CB /* hairappUITests */ = {
			isa = PBXGroup;
			children = (
				3756C9392C71A97C006B15CB /* hairappUITests.swift */,
				3756C93B2C71A97C006B15CB /* hairappUITestsLaunchTests.swift */,
			);
			path = hairappUITests;
			sourceTree = "<group>";
		};
/* End PBXGroup section */

/* Begin PBXNativeTarget section */
		3756C91A2C71A97A006B15CB /* hairapp */ = {
			isa = PBXNativeTarget;
			buildConfigurationList = 3756C93F2C71A97C006B15CB /* Build configuration list for PBXNativeTarget "hairapp" */;
			buildPhases = (
				3756C9172C71A97A006B15CB /* Sources */,
				3756C9182C71A97A006B15CB /* Frameworks */,
				3756C9192C71A97A006B15CB /* Resources */,
			);
			buildRules = (
			);
			dependencies = (
			);
			name = hairapp;
			productName = hairapp;
			productReference = 3756C91B2C71A97A006B15CB /* hairapp.app */;
			productType = "com.apple.product-type.application";
		};
		3756C92A2C71A97C006B15CB /* hairappTests */ = {
			isa = PBXNativeTarget;
			buildConfigurationList = 3756C9422C71A97D006B15CB /* Build configuration list for PBXNativeTarget "hairappTests" */;
			buildPhases = (
				3756C9272C71A97C006B15CB /* Sources */,
				3756C9282C71A97C006B15CB /* Frameworks */,
				3756C9292C71A97C006B15CB /* Resources */,
			);
			buildRules = (
			);
			dependencies = (
				3756C92D2C71A97C006B15CB /* PBXTargetDependency */,
			);
			name = hairappTests;
			productName = hairappTests;
			productReference = 3756C92B2C71A97C006B15CB /* hairappTests.xctest */;
			productType = "com.apple.product-type.bundle.unit-test";
		};
		3756C9342C71A97C006B15CB /* hairappUITests */ = {
			isa = PBXNativeTarget;
			buildConfigurationList = 3756C9452C71A97D006B15CB /* Build configuration list for PBXNativeTarget "hairappUITests" */;
			buildPhases = (
				3756C9312C71A97C006B15CB /* Sources */,
				3756C9322C71A97C006B15CB /* Frameworks */,
				3756C9332C71A97C006B15CB /* Resources */,
			);
			buildRules = (
			);
			dependencies = (
				3756C9372C71A97C006B15CB /* PBXTargetDependency */,
			);
			name = hairappUITests;
			productName = hairappUITests;
			productReference = 3756C9352C71A97C006B15CB /* hairappUITests.xctest */;
			productType = "com.apple.product-type.bundle.ui-testing";
		};
/* End PBXNativeTarget section */

/* Begin PBXProject section */
		3756C9132C71A97A006B15CB /* Project object */ = {
			isa = PBXProject;
			attributes = {
				BuildIndependentTargetsInParallel = 1;
				LastSwiftUpdateCheck = 1540;
				LastUpgradeCheck = 1540;
				TargetAttributes = {
					3756C91A2C71A97A006B15CB = {
						CreatedOnToolsVersion = 15.4;
					};
					3756C92A2C71A97C006B15CB = {
						CreatedOnToolsVersion = 15.4;
						TestTargetID = 3756C91A2C71A97A006B15CB;
					};
					3756C9342C71A97C006B15CB = {
						CreatedOnToolsVersion = 15.4;
						TestTargetID = 3756C91A2C71A97A006B15CB;
					};
				};
			};
			buildConfigurationList = 3756C9162C71A97A006B15CB /* Build configuration list for PBXProject "hairapp" */;
			compatibilityVersion = "Xcode 14.0";
			developmentRegion = en;
			hasScannedForEncodings = 0;
			knownRegions = (
				en,
				Base,
			);
			mainGroup = 3756C9122C71A97A006B15CB;
			productRefGroup = 3756C91C2C71A97A006B15CB /* Products */;
			projectDirPath = "";
			projectRoot = "";
			targets = (
				3756C91A2C71A97A006B15CB /* hairapp */,
				3756C92A2C71A97C006B15CB /* hairappTests */,
				3756C9342C71A97C006B15CB /* hairappUITests */,
			);
		};
/* End PBXProject section */

/* Begin PBXResourcesBuildPhase section */
		3756C9192C71A97A006B15CB /* Resources */ = {
			isa = PBXResourcesBuildPhase;
			buildActionMask = 2147483647;
			files = (
				3713B4E22C78561700B21851 /* Hair.usdc in Resources */,
				3756C9262C71A97C006B15CB /* Preview Assets.xcassets in Resources */,
				3756C9232C71A97C006B15CB /* Assets.xcassets in Resources */,
			);
			runOnlyForDeploymentPostprocessing = 0;
		};
		3756C9292C71A97C006B15CB /* Resources */ = {
			isa = PBXResourcesBuildPhase;
			buildActionMask = 2147483647;
			files = (
			);
			runOnlyForDeploymentPostprocessing = 0;
		};
		3756C9332C71A97C006B15CB /* Resources */ = {
			isa = PBXResourcesBuildPhase;
			buildActionMask = 2147483647;
			files = (
			);
			runOnlyForDeploymentPostprocessing = 0;
		};
/* End PBXResourcesBuildPhase section */

/* Begin PBXSourcesBuildPhase section */
		3756C9172C71A97A006B15CB /* Sources */ = {
			isa = PBXSourcesBuildPhase;
			buildActionMask = 2147483647;
			files = (
				3756C9212C71A97A006B15CB /* ContentView.swift in Sources */,
				3756C91F2C71A97A006B15CB /* AppDelegate.swift in Sources */,
			);
			runOnlyForDeploymentPostprocessing = 0;
		};
		3756C9272C71A97C006B15CB /* Sources */ = {
			isa = PBXSourcesBuildPhase;
			buildActionMask = 2147483647;
			files = (
				3756C9302C71A97C006B15CB /* hairappTests.swift in Sources */,
			);
			runOnlyForDeploymentPostprocessing = 0;
		};
		3756C9312C71A97C006B15CB /* Sources */ = {
			isa = PBXSourcesBuildPhase;
			buildActionMask = 2147483647;
			files = (
				3756C93C2C71A97C006B15CB /* hairappUITestsLaunchTests.swift in Sources */,
				3756C93A2C71A97C006B15CB /* hairappUITests.swift in Sources */,
			);
			runOnlyForDeploymentPostprocessing = 0;
		};
/* End PBXSourcesBuildPhase section */

/* Begin PBXTargetDependency section */
		3756C92D2C71A97C006B15CB /* PBXTargetDependency */ = {
			isa = PBXTargetDependency;
			target = 3756C91A2C71A97A006B15CB /* hairapp */;
			targetProxy = 3756C92C2C71A97C006B15CB /* PBXContainerItemProxy */;
		};
		3756C9372C71A97C006B15CB /* PBXTargetDependency */ = {
			isa = PBXTargetDependency;
			target = 3756C91A2C71A97A006B15CB /* hairapp */;
			targetProxy = 3756C9362C71A97C006B15CB /* PBXContainerItemProxy */;
		};
/* End PBXTargetDependency section */

/* Begin XCBuildConfiguration section */
		3756C93D2C71A97C006B15CB /* Debug */ = {
			isa = XCBuildConfiguration;
			buildSettings = {
				ALWAYS_SEARCH_USER_PATHS = NO;
				ASSETCATALOG_COMPILER_GENERATE_SWIFT_ASSET_SYMBOL_EXTENSIONS = YES;
				CLANG_ANALYZER_NONNULL = YES;
				CLANG_ANALYZER_NUMBER_OBJECT_CONVERSION = YES_AGGRESSIVE;
				CLANG_CXX_LANGUAGE_STANDARD = "gnu++20";
				CLANG_ENABLE_MODULES = YES;
				CLANG_ENABLE_OBJC_ARC = YES;
				CLANG_ENABLE_OBJC_WEAK = YES;
				CLANG_WARN_BLOCK_CAPTURE_AUTORELEASING = YES;
				CLANG_WARN_BOOL_CONVERSION = YES;
				CLANG_WARN_COMMA = YES;
				CLANG_WARN_CONSTANT_CONVERSION = YES;
				CLANG_WARN_DEPRECATED_OBJC_IMPLEMENTATIONS = YES;
				CLANG_WARN_DIRECT_OBJC_ISA_USAGE = YES_ERROR;
				CLANG_WARN_DOCUMENTATION_COMMENTS = YES;
				CLANG_WARN_EMPTY_BODY = YES;
				CLANG_WARN_ENUM_CONVERSION = YES;
				CLANG_WARN_INFINITE_RECURSION = YES;
				CLANG_WARN_INT_CONVERSION = YES;
				CLANG_WARN_NON_LITERAL_NULL_CONVERSION = YES;
				CLANG_WARN_OBJC_IMPLICIT_RETAIN_SELF = YES;
				CLANG_WARN_OBJC_LITERAL_CONVERSION = YES;
				CLANG_WARN_OBJC_ROOT_CLASS = YES_ERROR;
				CLANG_WARN_QUOTED_INCLUDE_IN_FRAMEWORK_HEADER = YES;
				CLANG_WARN_RANGE_LOOP_ANALYSIS = YES;
				CLANG_WARN_STRICT_PROTOTYPES = YES;
				CLANG_WARN_SUSPICIOUS_MOVE = YES;
				CLANG_WARN_UNGUARDED_AVAILABILITY = YES_AGGRESSIVE;
				CLANG_WARN_UNREACHABLE_CODE = YES;
				CLANG_WARN__DUPLICATE_METHOD_MATCH = YES;
				COPY_PHASE_STRIP = NO;
				DEBUG_INFORMATION_FORMAT = dwarf;
				ENABLE_STRICT_OBJC_MSGSEND = YES;
				ENABLE_TESTABILITY = YES;
				ENABLE_USER_SCRIPT_SANDBOXING = YES;
				GCC_C_LANGUAGE_STANDARD = gnu17;
				GCC_DYNAMIC_NO_PIC = NO;
				GCC_NO_COMMON_BLOCKS = YES;
				GCC_OPTIMIZATION_LEVEL = 0;
				GCC_PREPROCESSOR_DEFINITIONS = (
					"DEBUG=1",
					"$(inherited)",
				);
				GCC_WARN_64_TO_32_BIT_CONVERSION = YES;
				GCC_WARN_ABOUT_RETURN_TYPE = YES_ERROR;
				GCC_WARN_UNDECLARED_SELECTOR = YES;
				GCC_WARN_UNINITIALIZED_AUTOS = YES_AGGRESSIVE;
				GCC_WARN_UNUSED_FUNCTION = YES;
				GCC_WARN_UNUSED_VARIABLE = YES;
				IPHONEOS_DEPLOYMENT_TARGET = 17.5;
				LOCALIZATION_PREFERS_STRING_CATALOGS = YES;
				MTL_ENABLE_DEBUG_INFO = INCLUDE_SOURCE;
				MTL_FAST_MATH = YES;
				ONLY_ACTIVE_ARCH = YES;
				SDKROOT = iphoneos;
				SWIFT_ACTIVE_COMPILATION_CONDITIONS = "DEBUG $(inherited)";
				SWIFT_OPTIMIZATION_LEVEL = "-Onone";
			};
			name = Debug;
		};
		3756C93E2C71A97C006B15CB /* Release */ = {
			isa = XCBuildConfiguration;
			buildSettings = {
				ALWAYS_SEARCH_USER_PATHS = NO;
				ASSETCATALOG_COMPILER_GENERATE_SWIFT_ASSET_SYMBOL_EXTENSIONS = YES;
				CLANG_ANALYZER_NONNULL = YES;
				CLANG_ANALYZER_NUMBER_OBJECT_CONVERSION = YES_AGGRESSIVE;
				CLANG_CXX_LANGUAGE_STANDARD = "gnu++20";
				CLANG_ENABLE_MODULES = YES;
				CLANG_ENABLE_OBJC_ARC = YES;
				CLANG_ENABLE_OBJC_WEAK = YES;
				CLANG_WARN_BLOCK_CAPTURE_AUTORELEASING = YES;
				CLANG_WARN_BOOL_CONVERSION = YES;
				CLANG_WARN_COMMA = YES;
				CLANG_WARN_CONSTANT_CONVERSION = YES;
				CLANG_WARN_DEPRECATED_OBJC_IMPLEMENTATIONS = YES;
				CLANG_WARN_DIRECT_OBJC_ISA_USAGE = YES_ERROR;
				CLANG_WARN_DOCUMENTATION_COMMENTS = YES;
				CLANG_WARN_EMPTY_BODY = YES;
				CLANG_WARN_ENUM_CONVERSION = YES;
				CLANG_WARN_INFINITE_RECURSION = YES;
				CLANG_WARN_INT_CONVERSION = YES;
				CLANG_WARN_NON_LITERAL_NULL_CONVERSION = YES;
				CLANG_WARN_OBJC_IMPLICIT_RETAIN_SELF = YES;
				CLANG_WARN_OBJC_LITERAL_CONVERSION = YES;
				CLANG_WARN_OBJC_ROOT_CLASS = YES_ERROR;
				CLANG_WARN_QUOTED_INCLUDE_IN_FRAMEWORK_HEADER = YES;
				CLANG_WARN_RANGE_LOOP_ANALYSIS = YES;
				CLANG_WARN_STRICT_PROTOTYPES = YES;
				CLANG_WARN_SUSPICIOUS_MOVE = YES;
				CLANG_WARN_UNGUARDED_AVAILABILITY = YES_AGGRESSIVE;
				CLANG_WARN_UNREACHABLE_CODE = YES;
				CLANG_WARN__DUPLICATE_METHOD_MATCH = YES;
				COPY_PHASE_STRIP = NO;
				DEBUG_INFORMATION_FORMAT = "dwarf-with-dsym";
				ENABLE_NS_ASSERTIONS = NO;
				ENABLE_STRICT_OBJC_MSGSEND = YES;
				ENABLE_USER_SCRIPT_SANDBOXING = YES;
				GCC_C_LANGUAGE_STANDARD = gnu17;
				GCC_NO_COMMON_BLOCKS = YES;
				GCC_WARN_64_TO_32_BIT_CONVERSION = YES;
				GCC_WARN_ABOUT_RETURN_TYPE = YES_ERROR;
				GCC_WARN_UNDECLARED_SELECTOR = YES;
				GCC_WARN_UNINITIALIZED_AUTOS = YES_AGGRESSIVE;
				GCC_WARN_UNUSED_FUNCTION = YES;
				GCC_WARN_UNUSED_VARIABLE = YES;
				IPHONEOS_DEPLOYMENT_TARGET = 17.5;
				LOCALIZATION_PREFERS_STRING_CATALOGS = YES;
				MTL_ENABLE_DEBUG_INFO = NO;
				MTL_FAST_MATH = YES;
				SDKROOT = iphoneos;
				SWIFT_COMPILATION_MODE = wholemodule;
				VALIDATE_PRODUCT = YES;
			};
			name = Release;
		};
		3756C9402C71A97C006B15CB /* Debug */ = {
			isa = XCBuildConfiguration;
			buildSettings = {
				ASSETCATALOG_COMPILER_APPICON_NAME = AppIcon;
				ASSETCATALOG_COMPILER_GLOBAL_ACCENT_COLOR_NAME = AccentColor;
				CODE_SIGN_STYLE = Automatic;
				CURRENT_PROJECT_VERSION = 1;
				DEVELOPMENT_ASSET_PATHS = "\"hairapp/Preview Content\"";
				DEVELOPMENT_TEAM = J9CLXN4D2F;
				ENABLE_PREVIEWS = YES;
				GENERATE_INFOPLIST_FILE = YES;
				INFOPLIST_KEY_NSCameraUsageDescription = "";
				INFOPLIST_KEY_UIApplicationSupportsIndirectInputEvents = YES;
				INFOPLIST_KEY_UILaunchScreen_Generation = YES;
				INFOPLIST_KEY_UIRequiredDeviceCapabilities = arkit;
				INFOPLIST_KEY_UIStatusBarHidden = YES;
				INFOPLIST_KEY_UISupportedInterfaceOrientations_iPad = "UIInterfaceOrientationPortrait UIInterfaceOrientationPortraitUpsideDown UIInterfaceOrientationLandscapeLeft UIInterfaceOrientationLandscapeRight";
				INFOPLIST_KEY_UISupportedInterfaceOrientations_iPhone = "UIInterfaceOrientationPortrait UIInterfaceOrientationLandscapeLeft UIInterfaceOrientationLandscapeRight";
				LD_RUNPATH_SEARCH_PATHS = (
					"$(inherited)",
					"@executable_path/Frameworks",
				);
				MARKETING_VERSION = 1.0;
				PRODUCT_BUNDLE_IDENTIFIER = style.hairapp;
				PRODUCT_NAME = "$(TARGET_NAME)";
				SWIFT_EMIT_LOC_STRINGS = YES;
				SWIFT_VERSION = 5.0;
				TARGETED_DEVICE_FAMILY = "1,2";
			};
			name = Debug;
		};
		3756C9412C71A97C006B15CB /* Release */ = {
			isa = XCBuildConfiguration;
			buildSettings = {
				ASSETCATALOG_COMPILER_APPICON_NAME = AppIcon;
				ASSETCATALOG_COMPILER_GLOBAL_ACCENT_COLOR_NAME = AccentColor;
				CODE_SIGN_STYLE = Automatic;
				CURRENT_PROJECT_VERSION = 1;
				DEVELOPMENT_ASSET_PATHS = "\"hairapp/Preview Content\"";
				DEVELOPMENT_TEAM = J9CLXN4D2F;
				ENABLE_PREVIEWS = YES;
				GENERATE_INFOPLIST_FILE = YES;
				INFOPLIST_KEY_NSCameraUsageDescription = "";
				INFOPLIST_KEY_UIApplicationSupportsIndirectInputEvents = YES;
				INFOPLIST_KEY_UILaunchScreen_Generation = YES;
				INFOPLIST_KEY_UIRequiredDeviceCapabilities = arkit;
				INFOPLIST_KEY_UIStatusBarHidden = YES;
				INFOPLIST_KEY_UISupportedInterfaceOrientations_iPad = "UIInterfaceOrientationPortrait UIInterfaceOrientationPortraitUpsideDown UIInterfaceOrientationLandscapeLeft UIInterfaceOrientationLandscapeRight";
				INFOPLIST_KEY_UISupportedInterfaceOrientations_iPhone = "UIInterfaceOrientationPortrait UIInterfaceOrientationLandscapeLeft UIInterfaceOrientationLandscapeRight";
				LD_RUNPATH_SEARCH_PATHS = (
					"$(inherited)",
					"@executable_path/Frameworks",
				);
				MARKETING_VERSION = 1.0;
				PRODUCT_BUNDLE_IDENTIFIER = style.hairapp;
				PRODUCT_NAME = "$(TARGET_NAME)";
				SWIFT_EMIT_LOC_STRINGS = YES;
				SWIFT_VERSION = 5.0;
				TARGETED_DEVICE_FAMILY = "1,2";
			};
			name = Release;
		};
		3756C9432C71A97D006B15CB /* Debug */ = {
			isa = XCBuildConfiguration;
			buildSettings = {
				ALWAYS_EMBED_SWIFT_STANDARD_LIBRARIES = YES;
				BUNDLE_LOADER = "$(TEST_HOST)";
				CODE_SIGN_STYLE = Automatic;
				CURRENT_PROJECT_VERSION = 1;
				DEVELOPMENT_TEAM = J9CLXN4D2F;
				GENERATE_INFOPLIST_FILE = YES;
				IPHONEOS_DEPLOYMENT_TARGET = 17.5;
				MARKETING_VERSION = 1.0;
				PRODUCT_BUNDLE_IDENTIFIER = style.hairappTests;
				PRODUCT_NAME = "$(TARGET_NAME)";
				SWIFT_EMIT_LOC_STRINGS = NO;
				SWIFT_VERSION = 5.0;
				TARGETED_DEVICE_FAMILY = "1,2";
				TEST_HOST = "$(BUILT_PRODUCTS_DIR)/hairapp.app/$(BUNDLE_EXECUTABLE_FOLDER_PATH)/hairapp";
			};
			name = Debug;
		};
		3756C9442C71A97D006B15CB /* Release */ = {
			isa = XCBuildConfiguration;
			buildSettings = {
				ALWAYS_EMBED_SWIFT_STANDARD_LIBRARIES = YES;
				BUNDLE_LOADER = "$(TEST_HOST)";
				CODE_SIGN_STYLE = Automatic;
				CURRENT_PROJECT_VERSION = 1;
				DEVELOPMENT_TEAM = J9CLXN4D2F;
				GENERATE_INFOPLIST_FILE = YES;
				IPHONEOS_DEPLOYMENT_TARGET = 17.5;
				MARKETING_VERSION = 1.0;
				PRODUCT_BUNDLE_IDENTIFIER = style.hairappTests;
				PRODUCT_NAME = "$(TARGET_NAME)";
				SWIFT_EMIT_LOC_STRINGS = NO;
				SWIFT_VERSION = 5.0;
				TARGETED_DEVICE_FAMILY = "1,2";
				TEST_HOST = "$(BUILT_PRODUCTS_DIR)/hairapp.app/$(BUNDLE_EXECUTABLE_FOLDER_PATH)/hairapp";
			};
			name = Release;
		};
		3756C9462C71A97D006B15CB /* Debug */ = {
			isa = XCBuildConfiguration;
			buildSettings = {
				ALWAYS_EMBED_SWIFT_STANDARD_LIBRARIES = YES;
				CODE_SIGN_STYLE = Automatic;
				CURRENT_PROJECT_VERSION = 1;
				DEVELOPMENT_TEAM = J9CLXN4D2F;
				GENERATE_INFOPLIST_FILE = YES;
				MARKETING_VERSION = 1.0;
				PRODUCT_BUNDLE_IDENTIFIER = style.hairappUITests;
				PRODUCT_NAME = "$(TARGET_NAME)";
				SWIFT_EMIT_LOC_STRINGS = NO;
				SWIFT_VERSION = 5.0;
				TARGETED_DEVICE_FAMILY = "1,2";
				TEST_TARGET_NAME = hairapp;
			};
			name = Debug;
		};
		3756C9472C71A97D006B15CB /* Release */ = {
			isa = XCBuildConfiguration;
			buildSettings = {
				ALWAYS_EMBED_SWIFT_STANDARD_LIBRARIES = YES;
				CODE_SIGN_STYLE = Automatic;
				CURRENT_PROJECT_VERSION = 1;
				DEVELOPMENT_TEAM = J9CLXN4D2F;
				GENERATE_INFOPLIST_FILE = YES;
				MARKETING_VERSION = 1.0;
				PRODUCT_BUNDLE_IDENTIFIER = style.hairappUITests;
				PRODUCT_NAME = "$(TARGET_NAME)";
				SWIFT_EMIT_LOC_STRINGS = NO;
				SWIFT_VERSION = 5.0;
				TARGETED_DEVICE_FAMILY = "1,2";
				TEST_TARGET_NAME = hairapp;
			};
			name = Release;
		};
/* End XCBuildConfiguration section */

/* Begin XCConfigurationList section */
		3756C9162C71A97A006B15CB /* Build configuration list for PBXProject "hairapp" */ = {
			isa = XCConfigurationList;
			buildConfigurations = (
				3756C93D2C71A97C006B15CB /* Debug */,
				3756C93E2C71A97C006B15CB /* Release */,
			);
			defaultConfigurationIsVisible = 0;
			defaultConfigurationName = Release;
		};
		3756C93F2C71A97C006B15CB /* Build configuration list for PBXNativeTarget "hairapp" */ = {
			isa = XCConfigurationList;
			buildConfigurations = (
				3756C9402C71A97C006B15CB /* Debug */,
				3756C9412C71A97C006B15CB /* Release */,
			);
			defaultConfigurationIsVisible = 0;
			defaultConfigurationName = Release;
		};
		3756C9422C71A97D006B15CB /* Build configuration list for PBXNativeTarget "hairappTests" */ = {
			isa = XCConfigurationList;
			buildConfigurations = (
				3756C9432C71A97D006B15CB /* Debug */,
				3756C9442C71A97D006B15CB /* Release */,
			);
			defaultConfigurationIsVisible = 0;
			defaultConfigurationName = Release;
		};
		3756C9452C71A97D006B15CB /* Build configuration list for PBXNativeTarget "hairappUITests" */ = {
			isa = XCConfigurationList;
			buildConfigurations = (
				3756C9462C71A97D006B15CB /* Debug */,
				3756C9472C71A97D006B15CB /* Release */,
			);
			defaultConfigurationIsVisible = 0;
			defaultConfigurationName = Release;
		};
/* End XCConfigurationList section */
	};
	rootObject = 3756C9132C71A97A006B15CB /* Project object */;
}
